
Microsoft Visual Studio Solution File, Format Version 12.00
# Visual Studio Version 17
VisualStudioVersion = 17.9.34607.119
MinimumVisualStudioVersion = 10.0.40219.1
Project("{9A19103F-16F7-4668-BE54-9A1E7A4F7556}") = "Accidents.Import", "Accidents.Import\Accidents.Import.csproj", "{6F8A7E08-D1E2-4866-BA64-7B94C86FBA13}"
EndProject
Project("{9A19103F-16F7-4668-BE54-9A1E7A4F7556}") = "Accidents.Model", "Accidents.Model\Accidents.Model.csproj", "{A05FE599-3F73-4F59-BC92-73B0D933EFAE}"
EndProject
Project("{9A19103F-16F7-4668-BE54-9A1E7A4F7556}") = "Accidents.Web", "Accidents.Web\Accidents.Web.csproj", "{D3964C96-A7D1-499E-9ABA-45C7435136AA}"
EndProject
Project("{9A19103F-16F7-4668-BE54-9A1E7A4F7556}") = "Protocols.Import", "Protocols.Import\Protocols.Import.csproj", "{E6D6A929-7E62-419B-8D43-FE02B9F3FB16}"
EndProject
Project("{9A19103F-16F7-4668-BE54-9A1E7A4F7556}") = "Protocols.Model", "Protocols.Model\Protocols.Model.csproj", "{2B98EF94-7D57-4125-82AC-15C7403478F8}"
EndProject
Project("{9A19103F-16F7-4668-BE54-9A1E7A4F7556}") = "Protocols.Web", "Protocols.Web\Protocols.Web.csproj", "{8C4619C3-745F-442D-9BC2-0BD4F1B504DA}"
EndProject
Project("{9A19103F-16F7-4668-BE54-9A1E7A4F7556}") = "Komunalka.Persistence", "Komunalka.Persistence\Komunalka.Persistence.csproj", "{9A9CA7E3-3585-4911-8781-4A34186AE852}"
EndProject
Project("{9A19103F-16F7-4668-BE54-9A1E7A4F7556}") = "Light.Model", "Light.Model\Light.Model.csproj", "{1E015CB9-BFE3-4D80-9C68-3F1F07CED52B}"
EndProject
Project("{9A19103F-16F7-4668-BE54-9A1E7A4F7556}") = "Light.Web", "Light.Web\Light.Web.csproj", "{CED34556-DBDA-40CA-8994-762654100997}"
EndProject
Project("{9A19103F-16F7-4668-BE54-9A1E7A4F7556}") = "Light.Import", "Light.Import\Light.Import.csproj", "{5024545F-0EC2-4455-B80E-5310BB4E8036}"
EndProject
Project("{2150E333-8FDC-42A3-9474-1A3956D46DE8}") = "Solution Items", "Solution Items", "{8EC462FD-D22E-90A8-E5CE-7E832BA40C5D}"
	ProjectSection(SolutionItems) = preProject
		Directory.Build.props = Directory.Build.props
		Directory.Packages.props = Directory.Packages.props
	EndProjectSection
EndProject
Global
	GlobalSection(SolutionConfigurationPlatforms) = preSolution
		Debug|Any CPU = Debug|Any CPU
		Release|Any CPU = Release|Any CPU
	EndGlobalSection
	GlobalSection(ProjectConfigurationPlatforms) = postSolution
		{6F8A7E08-D1E2-4866-BA64-7B94C86FBA13}.Debug|Any CPU.ActiveCfg = Debug|Any CPU
		{6F8A7E08-D1E2-4866-BA64-7B94C86FBA13}.Debug|Any CPU.Build.0 = Debug|Any CPU
		{6F8A7E08-D1E2-4866-BA64-7B94C86FBA13}.Release|Any CPU.ActiveCfg = Release|Any CPU
		{6F8A7E08-D1E2-4866-BA64-7B94C86FBA13}.Release|Any CPU.Build.0 = Release|Any CPU
		{A05FE599-3F73-4F59-BC92-73B0D933EFAE}.Debug|Any CPU.ActiveCfg = Debug|Any CPU
		{A05FE599-3F73-4F59-BC92-73B0D933EFAE}.Debug|Any CPU.Build.0 = Debug|Any CPU
		{A05FE599-3F73-4F59-BC92-73B0D933EFAE}.Release|Any CPU.ActiveCfg = Release|Any CPU
		{A05FE599-3F73-4F59-BC92-73B0D933EFAE}.Release|Any CPU.Build.0 = Release|Any CPU
		{D3964C96-A7D1-499E-9ABA-45C7435136AA}.Debug|Any CPU.ActiveCfg = Debug|Any CPU
		{D3964C96-A7D1-499E-9ABA-45C7435136AA}.Debug|Any CPU.Build.0 = Debug|Any CPU
		{D3964C96-A7D1-499E-9ABA-45C7435136AA}.Release|Any CPU.ActiveCfg = Release|Any CPU
		{D3964C96-A7D1-499E-9ABA-45C7435136AA}.Release|Any CPU.Build.0 = Release|Any CPU
		{E6D6A929-7E62-419B-8D43-FE02B9F3FB16}.Debug|Any CPU.ActiveCfg = Debug|Any CPU
		{E6D6A929-7E62-419B-8D43-FE02B9F3FB16}.Debug|Any CPU.Build.0 = Debug|Any CPU
		{E6D6A929-7E62-419B-8D43-FE02B9F3FB16}.Release|Any CPU.ActiveCfg = Release|Any CPU
		{E6D6A929-7E62-419B-8D43-FE02B9F3FB16}.Release|Any CPU.Build.0 = Release|Any CPU
		{2B98EF94-7D57-4125-82AC-15C7403478F8}.Debug|Any CPU.ActiveCfg = Debug|Any CPU
		{2B98EF94-7D57-4125-82AC-15C7403478F8}.Debug|Any CPU.Build.0 = Debug|Any CPU
		{2B98EF94-7D57-4125-82AC-15C7403478F8}.Release|Any CPU.ActiveCfg = Release|Any CPU
		{2B98EF94-7D57-4125-82AC-15C7403478F8}.Release|Any CPU.Build.0 = Release|Any CPU
		{8C4619C3-745F-442D-9BC2-0BD4F1B504DA}.Debug|Any CPU.ActiveCfg = Debug|Any CPU
		{8C4619C3-745F-442D-9BC2-0BD4F1B504DA}.Debug|Any CPU.Build.0 = Debug|Any CPU
		{8C4619C3-745F-442D-9BC2-0BD4F1B504DA}.Release|Any CPU.ActiveCfg = Release|Any CPU
		{8C4619C3-745F-442D-9BC2-0BD4F1B504DA}.Release|Any CPU.Build.0 = Release|Any CPU
		{9A9CA7E3-3585-4911-8781-4A34186AE852}.Debug|Any CPU.ActiveCfg = Debug|Any CPU
		{9A9CA7E3-3585-4911-8781-4A34186AE852}.Debug|Any CPU.Build.0 = Debug|Any CPU
		{9A9CA7E3-3585-4911-8781-4A34186AE852}.Release|Any CPU.ActiveCfg = Release|Any CPU
		{9A9CA7E3-3585-4911-8781-4A34186AE852}.Release|Any CPU.Build.0 = Release|Any CPU
		{1E015CB9-BFE3-4D80-9C68-3F1F07CED52B}.Debug|Any CPU.ActiveCfg = Debug|Any CPU
		{1E015CB9-BFE3-4D80-9C68-3F1F07CED52B}.Debug|Any CPU.Build.0 = Debug|Any CPU
		{1E015CB9-BFE3-4D80-9C68-3F1F07CED52B}.Release|Any CPU.ActiveCfg = Release|Any CPU
		{1E015CB9-BFE3-4D80-9C68-3F1F07CED52B}.Release|Any CPU.Build.0 = Release|Any CPU
		{CED34556-DBDA-40CA-8994-762654100997}.Debug|Any CPU.ActiveCfg = Debug|Any CPU
		{CED34556-DBDA-40CA-8994-762654100997}.Debug|Any CPU.Build.0 = Debug|Any CPU
		{CED34556-DBDA-40CA-8994-762654100997}.Release|Any CPU.ActiveCfg = Release|Any CPU
		{CED34556-DBDA-40CA-8994-762654100997}.Release|Any CPU.Build.0 = Release|Any CPU
		{5024545F-0EC2-4455-B80E-5310BB4E8036}.Debug|Any CPU.ActiveCfg = Debug|Any CPU
		{5024545F-0EC2-4455-B80E-5310BB4E8036}.Debug|Any CPU.Build.0 = Debug|Any CPU
		{5024545F-0EC2-4455-B80E-5310BB4E8036}.Release|Any CPU.ActiveCfg = Release|Any CPU
		{5024545F-0EC2-4455-B80E-5310BB4E8036}.Release|Any CPU.Build.0 = Release|Any CPU
	EndGlobalSection
	GlobalSection(SolutionProperties) = preSolution
		HideSolutionNode = FALSE
	EndGlobalSection
	GlobalSection(ExtensibilityGlobals) = postSolution
		SolutionGuid = {5FBC0CE3-84B0-47D5-919F-A8F1E56F2E6D}
	EndGlobalSection
EndGlobal
